
Microsoft Visual Studio Solution File, Format Version 12.00
# Visual Studio Version 18
VisualStudioVersion = 18.3.11218.70
MinimumVisualStudioVersion = 10.0.40219.1
Project("{2150E333-8FDC-42A3-9474-1A3956D46DE8}") = "Services", "Services", "{3663AD8D-7EC3-44FF-885F-0EA2D8348C85}"
EndProject
Project("{2150E333-8FDC-42A3-9474-1A3956D46DE8}") = "Catalog", "Catalog", "{59E558D6-415A-4123-95FE-D2D2B28CF71F}"
EndProject
Project("{2150E333-8FDC-42A3-9474-1A3956D46DE8}") = "PhotoStock", "PhotoStock", "{421A48AD-AC04-4CCF-91A3-9E4AD321712D}"
EndProject
Project("{2150E333-8FDC-42A3-9474-1A3956D46DE8}") = "Shared", "Shared", "{B86B4033-A6FB-4AD7-AE51-81391517599B}"
EndProject
Project("{2150E333-8FDC-42A3-9474-1A3956D46DE8}") = "Menu", "Menu", "{EB373891-40CE-4796-9163-D6E6892AEE27}"
EndProject
Project("{2150E333-8FDC-42A3-9474-1A3956D46DE8}") = "Organization", "Organization", "{70AFC8BE-CA41-4BC2-857F-FBAD659E0B2B}"
EndProject
Project("{2150E333-8FDC-42A3-9474-1A3956D46DE8}") = "Order", "Order", "{8A3E7C78-7449-45DB-B182-EC1C447E6046}"
EndProject
Project("{2150E333-8FDC-42A3-9474-1A3956D46DE8}") = "src", "src", "{276F7BE4-D099-4D29-BB63-8AD198ADDB83}"
EndProject
Project("{FAE04EC0-301F-11D3-BF4B-00C04F79EFBC}") = "Catalog.Domain", "src\Services\Catalog\Catalog.Domain\Catalog.Domain.csproj", "{A3A085CE-BD9C-D2EA-D365-A0DE4653D245}"
EndProject
Project("{FAE04EC0-301F-11D3-BF4B-00C04F79EFBC}") = "Catalog.Application", "src\Services\Catalog\Catalog.Application\Catalog.Application.csproj", "{AEE5B342-F27B-AFAC-445F-11D54A515CFB}"
EndProject
Project("{FAE04EC0-301F-11D3-BF4B-00C04F79EFBC}") = "Catalog.Infrasturucture", "src\Services\Catalog\Catalog.Infrasturucture\Catalog.Infrasturucture.csproj", "{EB8E1679-1702-B927-08F8-6046CDDD594E}"
EndProject
Project("{FAE04EC0-301F-11D3-BF4B-00C04F79EFBC}") = "Catalog.WebAPI", "src\Services\Catalog\Catalog.WebAPI\Catalog.WebAPI.csproj", "{1D33F493-A36F-5E71-FF15-725BB7B6B1D1}"
EndProject
Project("{FAE04EC0-301F-11D3-BF4B-00C04F79EFBC}") = "Menu", "src\Services\Menu\Menu\Menu.csproj", "{835E480B-67B6-DECC-D11E-CE9A444109DC}"
EndProject
Project("{FAE04EC0-301F-11D3-BF4B-00C04F79EFBC}") = "Order.WebAPI", "src\Services\Order\Order.WebAPI\Order.WebAPI.csproj", "{A51805C8-F998-541A-F2B6-6B01A35673D5}"
EndProject
Project("{FAE04EC0-301F-11D3-BF4B-00C04F79EFBC}") = "Organization.Domain", "src\Services\Organization\Organization.Domain\Organization.Domain.csproj", "{7693A4BE-61B4-9D64-3262-1E0CB800D44D}"
EndProject
Project("{FAE04EC0-301F-11D3-BF4B-00C04F79EFBC}") = "Organization.Application", "src\Services\Organization\Organization.Application\Organization.Application.csproj", "{E32714A0-1FBC-7299-1685-1B42AB87239F}"
EndProject
Project("{FAE04EC0-301F-11D3-BF4B-00C04F79EFBC}") = "Organization.Infrastructure", "src\Services\Organization\Organization.Infrastructure\Organization.Infrastructure.csproj", "{304311A6-B68A-7268-07B5-5E89E3C99399}"
EndProject
Project("{FAE04EC0-301F-11D3-BF4B-00C04F79EFBC}") = "Organization.WebAPI", "src\Services\Organization\Organization.WebAPI\Organization.WebAPI.csproj", "{93B406D6-A9EA-46E5-3596-AF730A4F3E39}"
EndProject
Project("{FAE04EC0-301F-11D3-BF4B-00C04F79EFBC}") = "PhotoStock", "src\Services\PhotoStock\PhotoStock\PhotoStock.csproj", "{679C1080-C81C-96FA-2AEB-C60C1680CECA}"
EndProject
Project("{2150E333-8FDC-42A3-9474-1A3956D46DE8}") = "Gateways", "Gateways", "{696429B7-C285-4F2A-8220-6908A3CEA5A7}"
EndProject
Project("{FAE04EC0-301F-11D3-BF4B-00C04F79EFBC}") = "Shared", "src\Shared\Shared.csproj", "{99507BA0-BB0B-3FD9-D8E2-2AE9B409CB73}"
EndProject
Project("{2150E333-8FDC-42A3-9474-1A3956D46DE8}") = "Identity", "Identity", "{4AB85995-E576-4952-9C27-F09EEFAE84AE}"
EndProject
Project("{FAE04EC0-301F-11D3-BF4B-00C04F79EFBC}") = "IdentityServer", "src\Services\IdentityServer\IdentityServer.csproj", "{4643AB29-2D32-CD41-94F8-5D00090044D4}"
EndProject
Project("{FAE04EC0-301F-11D3-BF4B-00C04F79EFBC}") = "WebApiGateway", "src\Gateways\WebApiGateway\WebApiGateway.csproj", "{08FB4B70-576B-4904-9EE8-DE2EF73DA9C0}"
EndProject
Project("{2150E333-8FDC-42A3-9474-1A3956D46DE8}") = "Store", "Store", "{F5703077-00F3-4A14-AE23-9D889E1A3FDC}"
EndProject
Project("{2150E333-8FDC-42A3-9474-1A3956D46DE8}") = "Core", "Core", "{002B2195-11DE-451A-84F6-A5B891CE2FAB}"
EndProject
Project("{2150E333-8FDC-42A3-9474-1A3956D46DE8}") = "Infrastructure", "Infrastructure", "{FE1A4C15-ECF6-4292-A2A1-BBDF4B365B5D}"
EndProject
Project("{2150E333-8FDC-42A3-9474-1A3956D46DE8}") = "Presentation", "Presentation", "{A41069CE-2347-4738-94B0-0A134570ED0E}"
EndProject
Project("{FAE04EC0-301F-11D3-BF4B-00C04F79EFBC}") = "Store.Domain", "src\Services\Store\Core\Store.Domain\Store.Domain.csproj", "{4442BEA7-5B7E-42C1-89EB-10ACFC01C33D}"
EndProject
Project("{FAE04EC0-301F-11D3-BF4B-00C04F79EFBC}") = "Store.Application", "src\Services\Store\Core\Store.Application\Store.Application.csproj", "{E6F5CA86-DC6E-4F53-A932-588B2780680D}"
EndProject
Project("{FAE04EC0-301F-11D3-BF4B-00C04F79EFBC}") = "Store.Infrastructure", "src\Services\Store\Infrastructure\Store.Infrastructure\Store.Infrastructure.csproj", "{A23BF045-1A52-4059-AA54-88029D39FA99}"
EndProject
Project("{FAE04EC0-301F-11D3-BF4B-00C04F79EFBC}") = "Store.Persistance", "src\Services\Store\Infrastructure\Store.Persistance\Store.Persistance.csproj", "{DBA1FFFF-CB9C-4F49-BAA3-CF7B9BA3E487}"
EndProject
Project("{FAE04EC0-301F-11D3-BF4B-00C04F79EFBC}") = "Store.WebAPI", "src\Services\Store\Presentation\Store.WebAPI\Store.WebAPI.csproj", "{9CD7E0C4-27F9-45F3-8C3E-A2210198AD71}"
EndProject
Global
	GlobalSection(SolutionConfigurationPlatforms) = preSolution
		Debug|Any CPU = Debug|Any CPU
		Release|Any CPU = Release|Any CPU
	EndGlobalSection
	GlobalSection(ProjectConfigurationPlatforms) = postSolution
		{A3A085CE-BD9C-D2EA-D365-A0DE4653D245}.Debug|Any CPU.ActiveCfg = Debug|Any CPU
		{A3A085CE-BD9C-D2EA-D365-A0DE4653D245}.Debug|Any CPU.Build.0 = Debug|Any CPU
		{A3A085CE-BD9C-D2EA-D365-A0DE4653D245}.Release|Any CPU.ActiveCfg = Release|Any CPU
		{A3A085CE-BD9C-D2EA-D365-A0DE4653D245}.Release|Any CPU.Build.0 = Release|Any CPU
		{AEE5B342-F27B-AFAC-445F-11D54A515CFB}.Debug|Any CPU.ActiveCfg = Debug|Any CPU
		{AEE5B342-F27B-AFAC-445F-11D54A515CFB}.Debug|Any CPU.Build.0 = Debug|Any CPU
		{AEE5B342-F27B-AFAC-445F-11D54A515CFB}.Release|Any CPU.ActiveCfg = Release|Any CPU
		{AEE5B342-F27B-AFAC-445F-11D54A515CFB}.Release|Any CPU.Build.0 = Release|Any CPU
		{EB8E1679-1702-B927-08F8-6046CDDD594E}.Debug|Any CPU.ActiveCfg = Debug|Any CPU
		{EB8E1679-1702-B927-08F8-6046CDDD594E}.Debug|Any CPU.Build.0 = Debug|Any CPU
		{EB8E1679-1702-B927-08F8-6046CDDD594E}.Release|Any CPU.ActiveCfg = Release|Any CPU
		{EB8E1679-1702-B927-08F8-6046CDDD594E}.Release|Any CPU.Build.0 = Release|Any CPU
		{1D33F493-A36F-5E71-FF15-725BB7B6B1D1}.Debug|Any CPU.ActiveCfg = Debug|Any CPU
		{1D33F493-A36F-5E71-FF15-725BB7B6B1D1}.Debug|Any CPU.Build.0 = Debug|Any CPU
		{1D33F493-A36F-5E71-FF15-725BB7B6B1D1}.Release|Any CPU.ActiveCfg = Release|Any CPU
		{1D33F493-A36F-5E71-FF15-725BB7B6B1D1}.Release|Any CPU.Build.0 = Release|Any CPU
		{835E480B-67B6-DECC-D11E-CE9A444109DC}.Debug|Any CPU.ActiveCfg = Debug|Any CPU
		{835E480B-67B6-DECC-D11E-CE9A444109DC}.Debug|Any CPU.Build.0 = Debug|Any CPU
		{835E480B-67B6-DECC-D11E-CE9A444109DC}.Release|Any CPU.ActiveCfg = Release|Any CPU
		{835E480B-67B6-DECC-D11E-CE9A444109DC}.Release|Any CPU.Build.0 = Release|Any CPU
		{A51805C8-F998-541A-F2B6-6B01A35673D5}.Debug|Any CPU.ActiveCfg = Debug|Any CPU
		{A51805C8-F998-541A-F2B6-6B01A35673D5}.Debug|Any CPU.Build.0 = Debug|Any CPU
		{A51805C8-F998-541A-F2B6-6B01A35673D5}.Release|Any CPU.ActiveCfg = Release|Any CPU
		{A51805C8-F998-541A-F2B6-6B01A35673D5}.Release|Any CPU.Build.0 = Release|Any CPU
		{7693A4BE-61B4-9D64-3262-1E0CB800D44D}.Debug|Any CPU.ActiveCfg = Debug|Any CPU
		{7693A4BE-61B4-9D64-3262-1E0CB800D44D}.Debug|Any CPU.Build.0 = Debug|Any CPU
		{7693A4BE-61B4-9D64-3262-1E0CB800D44D}.Release|Any CPU.ActiveCfg = Release|Any CPU
		{7693A4BE-61B4-9D64-3262-1E0CB800D44D}.Release|Any CPU.Build.0 = Release|Any CPU
		{E32714A0-1FBC-7299-1685-1B42AB87239F}.Debug|Any CPU.ActiveCfg = Debug|Any CPU
		{E32714A0-1FBC-7299-1685-1B42AB87239F}.Debug|Any CPU.Build.0 = Debug|Any CPU
		{E32714A0-1FBC-7299-1685-1B42AB87239F}.Release|Any CPU.ActiveCfg = Release|Any CPU
		{E32714A0-1FBC-7299-1685-1B42AB87239F}.Release|Any CPU.Build.0 = Release|Any CPU
		{304311A6-B68A-7268-07B5-5E89E3C99399}.Debug|Any CPU.ActiveCfg = Debug|Any CPU
		{304311A6-B68A-7268-07B5-5E89E3C99399}.Debug|Any CPU.Build.0 = Debug|Any CPU
		{304311A6-B68A-7268-07B5-5E89E3C99399}.Release|Any CPU.ActiveCfg = Release|Any CPU
		{304311A6-B68A-7268-07B5-5E89E3C99399}.Release|Any CPU.Build.0 = Release|Any CPU
		{93B406D6-A9EA-46E5-3596-AF730A4F3E39}.Debug|Any CPU.ActiveCfg = Debug|Any CPU
		{93B406D6-A9EA-46E5-3596-AF730A4F3E39}.Debug|Any CPU.Build.0 = Debug|Any CPU
		{93B406D6-A9EA-46E5-3596-AF730A4F3E39}.Release|Any CPU.ActiveCfg = Release|Any CPU
		{93B406D6-A9EA-46E5-3596-AF730A4F3E39}.Release|Any CPU.Build.0 = Release|Any CPU
		{679C1080-C81C-96FA-2AEB-C60C1680CECA}.Debug|Any CPU.ActiveCfg = Debug|Any CPU
		{679C1080-C81C-96FA-2AEB-C60C1680CECA}.Debug|Any CPU.Build.0 = Debug|Any CPU
		{679C1080-C81C-96FA-2AEB-C60C1680CECA}.Release|Any CPU.ActiveCfg = Release|Any CPU
		{679C1080-C81C-96FA-2AEB-C60C1680CECA}.Release|Any CPU.Build.0 = Release|Any CPU
		{99507BA0-BB0B-3FD9-D8E2-2AE9B409CB73}.Debug|Any CPU.ActiveCfg = Debug|Any CPU
		{99507BA0-BB0B-3FD9-D8E2-2AE9B409CB73}.Debug|Any CPU.Build.0 = Debug|Any CPU
		{99507BA0-BB0B-3FD9-D8E2-2AE9B409CB73}.Release|Any CPU.ActiveCfg = Release|Any CPU
		{99507BA0-BB0B-3FD9-D8E2-2AE9B409CB73}.Release|Any CPU.Build.0 = Release|Any CPU
		{4643AB29-2D32-CD41-94F8-5D00090044D4}.Debug|Any CPU.ActiveCfg = Debug|Any CPU
		{4643AB29-2D32-CD41-94F8-5D00090044D4}.Debug|Any CPU.Build.0 = Debug|Any CPU
		{4643AB29-2D32-CD41-94F8-5D00090044D4}.Release|Any CPU.ActiveCfg = Release|Any CPU
		{4643AB29-2D32-CD41-94F8-5D00090044D4}.Release|Any CPU.Build.0 = Release|Any CPU
		{08FB4B70-576B-4904-9EE8-DE2EF73DA9C0}.Debug|Any CPU.ActiveCfg = Debug|Any CPU
		{08FB4B70-576B-4904-9EE8-DE2EF73DA9C0}.Debug|Any CPU.Build.0 = Debug|Any CPU
		{08FB4B70-576B-4904-9EE8-DE2EF73DA9C0}.Release|Any CPU.ActiveCfg = Release|Any CPU
		{08FB4B70-576B-4904-9EE8-DE2EF73DA9C0}.Release|Any CPU.Build.0 = Release|Any CPU
		{4442BEA7-5B7E-42C1-89EB-10ACFC01C33D}.Debug|Any CPU.ActiveCfg = Debug|Any CPU
		{4442BEA7-5B7E-42C1-89EB-10ACFC01C33D}.Debug|Any CPU.Build.0 = Debug|Any CPU
		{4442BEA7-5B7E-42C1-89EB-10ACFC01C33D}.Release|Any CPU.ActiveCfg = Release|Any CPU
		{4442BEA7-5B7E-42C1-89EB-10ACFC01C33D}.Release|Any CPU.Build.0 = Release|Any CPU
		{E6F5CA86-DC6E-4F53-A932-588B2780680D}.Debug|Any CPU.ActiveCfg = Debug|Any CPU
		{E6F5CA86-DC6E-4F53-A932-588B2780680D}.Debug|Any CPU.Build.0 = Debug|Any CPU
		{E6F5CA86-DC6E-4F53-A932-588B2780680D}.Release|Any CPU.ActiveCfg = Release|Any CPU
		{E6F5CA86-DC6E-4F53-A932-588B2780680D}.Release|Any CPU.Build.0 = Release|Any CPU
		{A23BF045-1A52-4059-AA54-88029D39FA99}.Debug|Any CPU.ActiveCfg = Debug|Any CPU
		{A23BF045-1A52-4059-AA54-88029D39FA99}.Debug|Any CPU.Build.0 = Debug|Any CPU
		{A23BF045-1A52-4059-AA54-88029D39FA99}.Release|Any CPU.ActiveCfg = Release|Any CPU
		{A23BF045-1A52-4059-AA54-88029D39FA99}.Release|Any CPU.Build.0 = Release|Any CPU
		{DBA1FFFF-CB9C-4F49-BAA3-CF7B9BA3E487}.Debug|Any CPU.ActiveCfg = Debug|Any CPU
		{DBA1FFFF-CB9C-4F49-BAA3-CF7B9BA3E487}.Debug|Any CPU.Build.0 = Debug|Any CPU
		{DBA1FFFF-CB9C-4F49-BAA3-CF7B9BA3E487}.Release|Any CPU.ActiveCfg = Release|Any CPU
		{DBA1FFFF-CB9C-4F49-BAA3-CF7B9BA3E487}.Release|Any CPU.Build.0 = Release|Any CPU
		{9CD7E0C4-27F9-45F3-8C3E-A2210198AD71}.Debug|Any CPU.ActiveCfg = Debug|Any CPU
		{9CD7E0C4-27F9-45F3-8C3E-A2210198AD71}.Debug|Any CPU.Build.0 = Debug|Any CPU
		{9CD7E0C4-27F9-45F3-8C3E-A2210198AD71}.Release|Any CPU.ActiveCfg = Release|Any CPU
		{9CD7E0C4-27F9-45F3-8C3E-A2210198AD71}.Release|Any CPU.Build.0 = Release|Any CPU
	EndGlobalSection
	GlobalSection(SolutionProperties) = preSolution
		HideSolutionNode = FALSE
	EndGlobalSection
	GlobalSection(NestedProjects) = preSolution
		{3663AD8D-7EC3-44FF-885F-0EA2D8348C85} = {276F7BE4-D099-4D29-BB63-8AD198ADDB83}
		{59E558D6-415A-4123-95FE-D2D2B28CF71F} = {3663AD8D-7EC3-44FF-885F-0EA2D8348C85}
		{421A48AD-AC04-4CCF-91A3-9E4AD321712D} = {3663AD8D-7EC3-44FF-885F-0EA2D8348C85}
		{B86B4033-A6FB-4AD7-AE51-81391517599B} = {276F7BE4-D099-4D29-BB63-8AD198ADDB83}
		{EB373891-40CE-4796-9163-D6E6892AEE27} = {3663AD8D-7EC3-44FF-885F-0EA2D8348C85}
		{70AFC8BE-CA41-4BC2-857F-FBAD659E0B2B} = {3663AD8D-7EC3-44FF-885F-0EA2D8348C85}
		{8A3E7C78-7449-45DB-B182-EC1C447E6046} = {3663AD8D-7EC3-44FF-885F-0EA2D8348C85}
		{A3A085CE-BD9C-D2EA-D365-A0DE4653D245} = {59E558D6-415A-4123-95FE-D2D2B28CF71F}
		{AEE5B342-F27B-AFAC-445F-11D54A515CFB} = {59E558D6-415A-4123-95FE-D2D2B28CF71F}
		{EB8E1679-1702-B927-08F8-6046CDDD594E} = {59E558D6-415A-4123-95FE-D2D2B28CF71F}
		{1D33F493-A36F-5E71-FF15-725BB7B6B1D1} = {59E558D6-415A-4123-95FE-D2D2B28CF71F}
		{835E480B-67B6-DECC-D11E-CE9A444109DC} = {EB373891-40CE-4796-9163-D6E6892AEE27}
		{A51805C8-F998-541A-F2B6-6B01A35673D5} = {8A3E7C78-7449-45DB-B182-EC1C447E6046}
		{7693A4BE-61B4-9D64-3262-1E0CB800D44D} = {70AFC8BE-CA41-4BC2-857F-FBAD659E0B2B}
		{E32714A0-1FBC-7299-1685-1B42AB87239F} = {70AFC8BE-CA41-4BC2-857F-FBAD659E0B2B}
		{304311A6-B68A-7268-07B5-5E89E3C99399} = {70AFC8BE-CA41-4BC2-857F-FBAD659E0B2B}
		{93B406D6-A9EA-46E5-3596-AF730A4F3E39} = {70AFC8BE-CA41-4BC2-857F-FBAD659E0B2B}
		{679C1080-C81C-96FA-2AEB-C60C1680CECA} = {421A48AD-AC04-4CCF-91A3-9E4AD321712D}
		{696429B7-C285-4F2A-8220-6908A3CEA5A7} = {276F7BE4-D099-4D29-BB63-8AD198ADDB83}
		{99507BA0-BB0B-3FD9-D8E2-2AE9B409CB73} = {B86B4033-A6FB-4AD7-AE51-81391517599B}
		{4AB85995-E576-4952-9C27-F09EEFAE84AE} = {3663AD8D-7EC3-44FF-885F-0EA2D8348C85}
		{4643AB29-2D32-CD41-94F8-5D00090044D4} = {4AB85995-E576-4952-9C27-F09EEFAE84AE}
		{08FB4B70-576B-4904-9EE8-DE2EF73DA9C0} = {696429B7-C285-4F2A-8220-6908A3CEA5A7}
		{F5703077-00F3-4A14-AE23-9D889E1A3FDC} = {3663AD8D-7EC3-44FF-885F-0EA2D8348C85}
		{002B2195-11DE-451A-84F6-A5B891CE2FAB} = {F5703077-00F3-4A14-AE23-9D889E1A3FDC}
		{FE1A4C15-ECF6-4292-A2A1-BBDF4B365B5D} = {F5703077-00F3-4A14-AE23-9D889E1A3FDC}
		{A41069CE-2347-4738-94B0-0A134570ED0E} = {F5703077-00F3-4A14-AE23-9D889E1A3FDC}
		{4442BEA7-5B7E-42C1-89EB-10ACFC01C33D} = {002B2195-11DE-451A-84F6-A5B891CE2FAB}
		{E6F5CA86-DC6E-4F53-A932-588B2780680D} = {002B2195-11DE-451A-84F6-A5B891CE2FAB}
		{A23BF045-1A52-4059-AA54-88029D39FA99} = {FE1A4C15-ECF6-4292-A2A1-BBDF4B365B5D}
		{DBA1FFFF-CB9C-4F49-BAA3-CF7B9BA3E487} = {FE1A4C15-ECF6-4292-A2A1-BBDF4B365B5D}
		{9CD7E0C4-27F9-45F3-8C3E-A2210198AD71} = {A41069CE-2347-4738-94B0-0A134570ED0E}
	EndGlobalSection
	GlobalSection(ExtensibilityGlobals) = postSolution
		SolutionGuid = {83279BCA-0193-4292-8445-A40DCB814A70}
	EndGlobalSection
EndGlobal
